
Microsoft Visual Studio Solution File, Format Version 12.00
# Visual Studio Version 16
VisualStudioVersion = 16.0.30104.148
MinimumVisualStudioVersion = 10.0.40219.1
Project("{9A19103F-16F7-4668-BE54-9A1E7A4F7556}") = "Server", "GameHost\Server.csproj", "{EC84482E-5648-40FA-A3A0-D77771440C2B}"
EndProject
Project("{FAE04EC0-301F-11D3-BF4B-00C04F79EFBC}") = "Player", "Player\Player.csproj", "{64BB3B58-E1CD-43D1-AC59-5D4F88ABBC07}"
EndProject
Project("{FAE04EC0-301F-11D3-BF4B-00C04F79EFBC}") = "theGameBoard", "theGameBoard\theGameBoard.csproj", "{9907D755-AF6A-4FAA-B5FE-78B2FEB261BF}"
EndProject
Global
	GlobalSection(SolutionConfigurationPlatforms) = preSolution
		Debug|Any CPU = Debug|Any CPU
		Release|Any CPU = Release|Any CPU
	EndGlobalSection
	GlobalSection(ProjectConfigurationPlatforms) = postSolution
		{EC84482E-5648-40FA-A3A0-D77771440C2B}.Debug|Any CPU.ActiveCfg = Debug|Any CPU
		{EC84482E-5648-40FA-A3A0-D77771440C2B}.Debug|Any CPU.Build.0 = Debug|Any CPU
		{EC84482E-5648-40FA-A3A0-D77771440C2B}.Release|Any CPU.ActiveCfg = Release|Any CPU
		{EC84482E-5648-40FA-A3A0-D77771440C2B}.Release|Any CPU.Build.0 = Release|Any CPU
		{64BB3B58-E1CD-43D1-AC59-5D4F88ABBC07}.Debug|Any CPU.ActiveCfg = Debug|Any CPU
		{64BB3B58-E1CD-43D1-AC59-5D4F88ABBC07}.Debug|Any CPU.Build.0 = Debug|Any CPU
		{64BB3B58-E1CD-43D1-AC59-5D4F88ABBC07}.Release|Any CPU.ActiveCfg = Release|Any CPU
		{64BB3B58-E1CD-43D1-AC59-5D4F88ABBC07}.Release|Any CPU.Build.0 = Release|Any CPU
		{9907D755-AF6A-4FAA-B5FE-78B2FEB261BF}.Debug|Any CPU.ActiveCfg = Debug|Any CPU
		{9907D755-AF6A-4FAA-B5FE-78B2FEB261BF}.Debug|Any CPU.Build.0 = Debug|Any CPU
		{9907D755-AF6A-4FAA-B5FE-78B2FEB261BF}.Release|Any CPU.ActiveCfg = Release|Any CPU
		{9907D755-AF6A-4FAA-B5FE-78B2FEB261BF}.Release|Any CPU.Build.0 = Release|Any CPU
	EndGlobalSection
	GlobalSection(SolutionProperties) = preSolution
		HideSolutionNode = FALSE
	EndGlobalSection
	GlobalSection(ExtensibilityGlobals) = postSolution
		SolutionGuid = {EC154996-9990-424D-88DC-E96DD7CDCAA4}
	EndGlobalSection
EndGlobal
